lockfileVersion: 5.4

specifiers:
  '@nlpjs/core': ^4.23.4
  '@nlpjs/lang-en': ^4.23.4
  '@nlpjs/lang-id': ^4.23.4
  '@nlpjs/lang-ja': ^4.24.0
  '@nlpjs/nlp': ^4.23.5
  '@pixi/app': ^6.5
  '@pixi/core': ^6.5
  '@pixi/interaction': ^6.5
  '@pixi/ticker': ^6.5
  '@types/node': ^18.11.9
  pixi-live2d-display: ^0.4.0
  ts-node: ^10.9.1
  typescript: ^4.6.4
  vite: ^3.2.3

dependencies:
  '@nlpjs/core': 4.23.4
  '@nlpjs/lang-en': 4.23.4
  '@nlpjs/lang-id': 4.23.4
  '@nlpjs/lang-ja': 4.24.0
  '@nlpjs/nlp': 4.23.5
  '@pixi/app': 6.5.8_6bhutdd34lozcohci6pjxo5pgi
  '@pixi/core': 6.5.8_plvhmba5imzl5ocyxvgulib4y4
  '@pixi/interaction': 6.5.8_advavl3jirxlblbxelw3oy2yi4
  '@pixi/ticker': 6.5.8_oxn5cjk4xypux6aqhdb4byth2a
  pixi-live2d-display: 0.4.0_csz3opcekjgnmoshyhzrjmi74i
  ts-node: 10.9.1_wup25etrarvlqkprac7h35hj7u

devDependencies:
  '@types/node': 18.11.9
  typescript: 4.9.3
  vite: 3.2.4_@types+node@18.11.9

packages:

  /@cspotcode/source-map-support/0.8.1:
    resolution: {integrity: sha512-IchNf6dN4tHoMFIn/7OE8LWZ19Y6q/67Bmf6vnGREv8RSbBVb9LPJxEcnwrcwX6ixSvaiGoomAUvu4YSxXrVgw==}
    engines: {node: '>=12'}
    dependencies:
      '@jridgewell/trace-mapping': 0.3.9
    dev: false

  /@esbuild/android-arm/0.15.15:
    resolution: {integrity: sha512-JJjZjJi2eBL01QJuWjfCdZxcIgot+VoK6Fq7eKF9w4YHm9hwl7nhBR1o2Wnt/WcANk5l9SkpvrldW1PLuXxcbw==}
    engines: {node: '>=12'}
    cpu: [arm]
    os: [android]
    requiresBuild: true
    dev: true
    optional: true

  /@esbuild/linux-loong64/0.15.15:
    resolution: {integrity: sha512-lhz6UNPMDXUhtXSulw8XlFAtSYO26WmHQnCi2Lg2p+/TMiJKNLtZCYUxV4wG6rZMzXmr8InGpNwk+DLT2Hm0PA==}
    engines: {node: '>=12'}
    cpu: [loong64]
    os: [linux]
    requiresBuild: true
    dev: true
    optional: true

  /@jridgewell/resolve-uri/3.1.0:
    resolution: {integrity: sha512-F2msla3tad+Mfht5cJq7LSXcdudKTWCVYUgw6pLFOOHSTtZlj6SWNYAp+AhuqLmWdBO2X5hPrLcu8cVP8fy28w==}
    engines: {node: '>=6.0.0'}
    dev: false

  /@jridgewell/sourcemap-codec/1.4.14:
    resolution: {integrity: sha512-XPSJHWmi394fuUuzDnGz1wiKqWfo1yXecHQMRf2l6hztTO+nPru658AyDngaBe7isIxEkRsPR3FZh+s7iVa4Uw==}
    dev: false

  /@jridgewell/trace-mapping/0.3.9:
    resolution: {integrity: sha512-3Belt6tdc8bPgAtbcmdtNJlirVoTmEb5e2gC94PnkwEW9jI6CAHUeoG85tjWP5WquqfavoMtMwiG4P926ZKKuQ==}
    dependencies:
      '@jridgewell/resolve-uri': 3.1.0
      '@jridgewell/sourcemap-codec': 1.4.14
    dev: false

  /@nlpjs/core/4.23.4:
    resolution: {integrity: sha512-iIQHCqYcUYxOk2LRa2shgMdZ1jdvuLqU9OaR1raOI+Hl5RDCoIpmnEFUTFYcBjGWbrXJZwjoQBnLsNMe81ZTZg==}
    dev: false

  /@nlpjs/lang-en-min/4.23.4:
    resolution: {integrity: sha512-jQ5LlrSLMtR00gYKNgz+FHw2Pt9EmNDeUC+5cl5lO17hfyGA05C1UnvsdA3Q6LJFEqnD8DDyR3PMloqIhDAA0w==}
    dependencies:
      '@nlpjs/core': 4.23.4
    dev: false

  /@nlpjs/lang-en/4.23.4:
    resolution: {integrity: sha512-sPSP8C1miTyrpRtS2I5mQekScVAY1U/514A4VgMtwQi8Be0dc1mnR2lY3RcdWC0DhcwUxq3fXSn7JYGufjzl6Q==}
    dependencies:
      '@nlpjs/core': 4.23.4
      '@nlpjs/lang-en-min': 4.23.4
    dev: false

  /@nlpjs/lang-id/4.23.4:
    resolution: {integrity: sha512-KNY2C3mucG/7u8apWwzQAkjel4cMYHWtkRu2YCjdaGN0i6mior5u/3ihNdk8pfHISBW5ERgCbvG7buQEhAl4WA==}
    dependencies:
      '@nlpjs/core': 4.23.4
    dev: false

  /@nlpjs/lang-ja/4.24.0:
    resolution: {integrity: sha512-a7bdoUKc6xZGla4yYPvQtYDDiixUKlOFrz4jdIqVeRsu4skKk5wrvvokMbfsvuGmdND4VgX+k8Cxs7zz4W76LQ==}
    dependencies:
      '@nlpjs/core': 4.23.4
      kuromoji: 0.1.2
    dev: false

  /@nlpjs/language-min/4.22.7:
    resolution: {integrity: sha512-kmA9u6onlMP1sdBS8Q7yJcFPLhDgrT0q9jSovVAW+WjZN3UmkMNsrgV35q1LWnbonTKnvb/NjdaN4VnT/+nuQw==}
    dev: false

  /@nlpjs/ner/4.23.4:
    resolution: {integrity: sha512-B09dHq9rVjg3OGU+ZyzReQnBFzLYrik+u+mQzHI84mFGp3lxDejCDmCfFr04KQmqFGUZZ+Z9bohvK8MZ09JUMg==}
    dependencies:
      '@nlpjs/core': 4.23.4
      '@nlpjs/language-min': 4.22.7
      '@nlpjs/similarity': 4.22.7
    dev: false

  /@nlpjs/neural/4.22.7:
    resolution: {integrity: sha512-sMWbuaEX5n7fuC8B8o5ueKZewA5Fu4JerBNcUzv3N5F7+SV59RFbZmDFfE+gXoF4/wwmkuZCRMV1arEut0vjoA==}
    dev: false

  /@nlpjs/nlg/4.23.4:
    resolution: {integrity: sha512-qbdWkLv/LEw17Om+wS1pTcvpCxowTzM2wSr+cUcaGr1xqAcBfEhrQScUDnuehRZ2LohQSIzw5dC6klNTEwtQYw==}
    dependencies:
      '@nlpjs/core': 4.23.4
    dev: false

  /@nlpjs/nlp/4.23.5:
    resolution: {integrity: sha512-ZsIXpS++dyq4L7z3AXSSJa27MUE/nsjYWpl7W4+Ghaj0PXf1bhmQkRsaL/b60/KsA0U+FobAX8F+nIlBIQkGxw==}
    dependencies:
      '@nlpjs/core': 4.23.4
      '@nlpjs/ner': 4.23.4
      '@nlpjs/nlg': 4.23.4
      '@nlpjs/nlu': 4.23.5
      '@nlpjs/sentiment': 4.23.4
      '@nlpjs/slot': 4.22.17
    dev: false

  /@nlpjs/nlu/4.23.5:
    resolution: {integrity: sha512-3LLdmcE/W5yhKNvbYc+3rN32Asmg2zP6Ae2Blse7/AuKhiUIzVL/exLgvfEqDW9MqTKej5UZpYypMGUeK0HP6g==}
    dependencies:
      '@nlpjs/core': 4.23.4
      '@nlpjs/language-min': 4.22.7
      '@nlpjs/neural': 4.22.7
      '@nlpjs/similarity': 4.22.7
    dev: false

  /@nlpjs/sentiment/4.23.4:
    resolution: {integrity: sha512-4m1nsGbnehWX17MmT5g37CwkVrPivB5vnq6SnvvSHQU5oueg1qLGGXl+xkz0/pqyjmU4o8gO1FPsrQZuLeWe0g==}
    dependencies:
      '@nlpjs/core': 4.23.4
      '@nlpjs/language-min': 4.22.7
      '@nlpjs/neural': 4.22.7
    dev: false

  /@nlpjs/similarity/4.22.7:
    resolution: {integrity: sha512-iWbZz6Yf0sXIiFi2jtdpsCLkOQsXFxT1YME4GysMtJxKiN/Cu4AhXugEiixhacPIPQb8lfouR0dQtSnx+9kW2A==}
    dev: false

  /@nlpjs/slot/4.22.17:
    resolution: {integrity: sha512-cNYcxf9DKB+fnRa2NxT5wbWq5j57R1WCTXLWI/1Cyycr227IP7GN7qaD4RbkzotBFFB8wm63UHod9frzmuiXxg==}
    dev: false

  /@pixi/app/6.5.8_6bhutdd34lozcohci6pjxo5pgi:
    resolution: {integrity: sha512-pDPkamtYDaPhscNxack+bHNqazCwrqw6cAotKyoz1mvLXeGhxqTntOcfgGLZR2fNbnY8EBmdduLvH7n2jI/LTg==}
    peerDependencies:
      '@pixi/core': 6.5.8
      '@pixi/display': 6.5.8
      '@pixi/math': 6.5.8
      '@pixi/utils': 6.5.8
    dependencies:
      '@pixi/core': 6.5.8_plvhmba5imzl5ocyxvgulib4y4
      '@pixi/display': 6.5.8_iuuj35lwfm7xh3uibmbysjulzi
      '@pixi/math': 6.5.8
      '@pixi/utils': 6.5.8_qeualvkmgwo4nudflomrx2dohe
    dev: false

  /@pixi/constants/6.5.8:
    resolution: {integrity: sha512-yYRCebBPqajm1kn5f8QQTTvl7oDRDk1nppfO+JpqbrFXg0W7oqIMurec3KeG9RdZW5foOiXDoz1Gw+VtolYIEw==}
    dev: false

  /@pixi/core/6.5.8_plvhmba5imzl5ocyxvgulib4y4:
    resolution: {integrity: sha512-Gconik7/PpFPMpCpOddXVIPx5C2StWKw7lQ4YX19yQ+cRRmecCea2cV0xTBtpEjjx0ilX7nBfIEuZ4zIlMmlbA==}
    peerDependencies:
      '@pixi/constants': 6.5.8
      '@pixi/extensions': 6.5.8
      '@pixi/math': 6.5.8
      '@pixi/runner': 6.5.8
      '@pixi/settings': 6.5.8
      '@pixi/ticker': 6.5.8
      '@pixi/utils': 6.5.8
    dependencies:
      '@pixi/constants': 6.5.8
      '@pixi/extensions': 6.5.8
      '@pixi/math': 6.5.8
      '@pixi/runner': 6.5.8
      '@pixi/settings': 6.5.8_@pixi+constants@6.5.8
      '@pixi/ticker': 6.5.8_oxn5cjk4xypux6aqhdb4byth2a
      '@pixi/utils': 6.5.8_qeualvkmgwo4nudflomrx2dohe
      '@types/offscreencanvas': 2019.7.0
    dev: false

  /@pixi/display/6.5.8_iuuj35lwfm7xh3uibmbysjulzi:
    resolution: {integrity: sha512-2K8YOG8s0iF8x/k2Q0RTFmoMJ9biI6PXEh76nH3EqUFdpyrIIgrG5aOMnCkVDvOxlgVRrKG8Q3JBHlSievTmuw==}
    peerDependencies:
      '@pixi/constants': 6.5.8
      '@pixi/math': 6.5.8
      '@pixi/settings': 6.5.8
      '@pixi/utils': 6.5.8
    dependencies:
      '@pixi/constants': 6.5.8
      '@pixi/math': 6.5.8
      '@pixi/settings': 6.5.8_@pixi+constants@6.5.8
      '@pixi/utils': 6.5.8_qeualvkmgwo4nudflomrx2dohe
    dev: false

  /@pixi/extensions/6.5.8:
    resolution: {integrity: sha512-6vEV801Vn/EkU/qjFiZ76OZWPq5KsBR2r+P5gfKv4YLnaDc3A+0IpUOJ7sLBAJqmr0iw68g6xV6MnuqVjNGjFg==}
    dev: false

  /@pixi/interaction/6.5.8_advavl3jirxlblbxelw3oy2yi4:
    resolution: {integrity: sha512-uP247r0f47vo9WSpEnsUfeD1izxVGpjtg4iAyGT/02ezWse2vD1aEL8AbxFa65TL0IXOKsHEQudCVL+wjnbSKQ==}
    peerDependencies:
      '@pixi/core': 6.5.8
      '@pixi/display': 6.5.8
      '@pixi/math': 6.5.8
      '@pixi/ticker': 6.5.8
      '@pixi/utils': 6.5.8
    dependencies:
      '@pixi/core': 6.5.8_plvhmba5imzl5ocyxvgulib4y4
      '@pixi/display': 6.5.8_iuuj35lwfm7xh3uibmbysjulzi
      '@pixi/math': 6.5.8
      '@pixi/ticker': 6.5.8_oxn5cjk4xypux6aqhdb4byth2a
      '@pixi/utils': 6.5.8_qeualvkmgwo4nudflomrx2dohe
    dev: false

  /@pixi/loaders/6.5.8_6ckrlwn7winopwhi64blk5ppm4:
    resolution: {integrity: sha512-mj11UPKsqWaTEPMpCnFugr6heKkQeNFuVSddSwE8crg19l46zcMhk3ucpQX15RDpAdDJjtl3OraevQCHHbNENw==}
    peerDependencies:
      '@pixi/constants': 6.5.8
      '@pixi/core': 6.5.8
      '@pixi/utils': 6.5.8
    dependencies:
      '@pixi/constants': 6.5.8
      '@pixi/core': 6.5.8_plvhmba5imzl5ocyxvgulib4y4
      '@pixi/utils': 6.5.8_qeualvkmgwo4nudflomrx2dohe
    dev: false

  /@pixi/math/6.5.8:
    resolution: {integrity: sha512-9493KEH5ITnjOZvQZbaU22lD0kcg/XhNh+309KYfwFX787zA1BN/7is06oHEgHBDb2NemqioYi6sw1WnECgQig==}
    dev: false

  /@pixi/runner/6.5.8:
    resolution: {integrity: sha512-/9KVgQjTKiBa1qHdNmhP9I+AHgC/Eu9QiKcc+oakLCJtpYi79lx+nDFrpLUamIi2c7lP0hDWVe0XqlQeYmSwag==}
    dev: false

  /@pixi/settings/6.5.8_@pixi+constants@6.5.8:
    resolution: {integrity: sha512-gmnwHkg9+tlQRuFNOdimzl73Dup2fdEo/VYaF7spT+8womE4KWAvARCBMqY/10aAx1iYeYuo5av/RfqrePB5Hg==}
    peerDependencies:
      '@pixi/constants': 6.5.8
    dependencies:
      '@pixi/constants': 6.5.8
    dev: false

  /@pixi/sprite/6.5.8_poghtwf5oajarq6x6mmmgv75aq:
    resolution: {integrity: sha512-ywvbrNgjK+K93X9cvHtDCnsBtU7B9JD/3wg+1G6v1Ktrr2E1gwVIQK1NANBrjzt6cYGphz5EqGAW68d0rMBliw==}
    peerDependencies:
      '@pixi/constants': 6.5.8
      '@pixi/core': 6.5.8
      '@pixi/display': 6.5.8
      '@pixi/math': 6.5.8
      '@pixi/settings': 6.5.8
      '@pixi/utils': 6.5.8
    dependencies:
      '@pixi/constants': 6.5.8
      '@pixi/core': 6.5.8_plvhmba5imzl5ocyxvgulib4y4
      '@pixi/display': 6.5.8_iuuj35lwfm7xh3uibmbysjulzi
      '@pixi/math': 6.5.8
      '@pixi/settings': 6.5.8_@pixi+constants@6.5.8
      '@pixi/utils': 6.5.8_qeualvkmgwo4nudflomrx2dohe
    dev: false

  /@pixi/ticker/6.5.8_oxn5cjk4xypux6aqhdb4byth2a:
    resolution: {integrity: sha512-7VKq5hfnRDSv6a16pATqZAmpQfEu4G171iUTloy3QZfbnPw0s3JervZSih1yJJD84GXEF4VzYB26pJ/x3arGjQ==}
    peerDependencies:
      '@pixi/extensions': 6.5.8
      '@pixi/settings': 6.5.8
    dependencies:
      '@pixi/extensions': 6.5.8
      '@pixi/settings': 6.5.8_@pixi+constants@6.5.8
    dev: false

  /@pixi/utils/6.5.8_qeualvkmgwo4nudflomrx2dohe:
    resolution: {integrity: sha512-zLnvmVQBWPDnwkfvrSpBBF2XpWSMt+kQAsX562eqjuME63ic9M6fK4u/IaA8csdlG2wtcjBvSYWrpWmPq0bWag==}
    peerDependencies:
      '@pixi/constants': 6.5.8
      '@pixi/settings': 6.5.8
    dependencies:
      '@pixi/constants': 6.5.8
      '@pixi/settings': 6.5.8_@pixi+constants@6.5.8
      '@types/earcut': 2.1.1
      earcut: 2.2.4
      eventemitter3: 3.1.2
      url: 0.11.0
    dev: false

  /@tsconfig/node10/1.0.9:
    resolution: {integrity: sha512-jNsYVVxU8v5g43Erja32laIDHXeoNvFEpX33OK4d6hljo3jDhCBDhx5dhCCTMWUojscpAagGiRkBKxpdl9fxqA==}
    dev: false

  /@tsconfig/node12/1.0.11:
    resolution: {integrity: sha512-cqefuRsh12pWyGsIoBKJA9luFu3mRxCA+ORZvA4ktLSzIuCUtWVxGIuXigEwO5/ywWFMZ2QEGKWvkZG1zDMTag==}
    dev: false

  /@tsconfig/node14/1.0.3:
    resolution: {integrity: sha512-ysT8mhdixWK6Hw3i1V2AeRqZ5WfXg1G43mqoYlM2nc6388Fq5jcXyr5mRsqViLx/GJYdoL0bfXD8nmF+Zn/Iow==}
    dev: false

  /@tsconfig/node16/1.0.3:
    resolution: {integrity: sha512-yOlFc+7UtL/89t2ZhjPvvB/DeAr3r+Dq58IgzsFkOAvVC6NMJXmCGjbptdXdR9qsX7pKcTL+s87FtYREi2dEEQ==}
    dev: false

  /@types/earcut/2.1.1:
    resolution: {integrity: sha512-w8oigUCDjElRHRRrMvn/spybSMyX8MTkKA5Dv+tS1IE/TgmNZPqUYtvYBXGY8cieSE66gm+szeK+bnbxC2xHTQ==}
    dev: false

  /@types/node/18.11.9:
    resolution: {integrity: sha512-CRpX21/kGdzjOpFsZSkcrXMGIBWMGNIHXXBVFSH+ggkftxg+XYP20TESbh+zFvFj3EQOl5byk0HTRn1IL6hbqg==}

  /@types/offscreencanvas/2019.7.0:
    resolution: {integrity: sha512-PGcyveRIpL1XIqK8eBsmRBt76eFgtzuPiSTyKHZxnGemp2yzGzWpjYKAfK3wIMiU7eH+851yEpiuP8JZerTmWg==}
    dev: false

  /acorn-walk/8.2.0:
    resolution: {integrity: sha512-k+iyHEuPgSw6SbuDpGQM+06HQUa04DZ3o+F6CSzXMvvI5KMvnaEqXe+YVe555R9nn6GPt404fos4wcgpw12SDA==}
    engines: {node: '>=0.4.0'}
    dev: false

  /acorn/8.8.1:
    resolution: {integrity: sha512-7zFpHzhnqYKrkYdUjF1HI1bzd0VygEGX8lFk4k5zVMqHEoES+P+7TKI+EvLO9WVMJ8eekdO0aDEK044xTXwPPA==}
    engines: {node: '>=0.4.0'}
    hasBin: true
    dev: false

  /arg/4.1.3:
    resolution: {integrity: sha512-58S9QDqG0Xx27YwPSt9fJxivjYl432YCwfDMfZ+71RAqUrZef7LrKQZ3LHLOwCS4FLNBplP533Zx895SeOCHvA==}
    dev: false

  /array-union/1.0.2:
    resolution: {integrity: sha512-Dxr6QJj/RdU/hCaBjOfxW+q6lyuVE6JFWIrAUpuOOhoJJoQ99cUn3igRaHVB5P9WrgFVN0FfArM3x0cueOU8ng==}
    engines: {node: '>=0.10.0'}
    dependencies:
      array-uniq: 1.0.3
    dev: false

  /array-uniq/1.0.3:
    resolution: {integrity: sha512-MNha4BWQ6JbwhFhj03YK552f7cb3AzoE8SzeljgChvL1dl3IcvggXVz1DilzySZkCja+CXuZbdW7yATchWn8/Q==}
    engines: {node: '>=0.10.0'}
    dev: false

  /async/2.6.4:
    resolution: {integrity: sha512-mzo5dfJYwAn29PeiJ0zvwTo04zj8HDJj0Mn8TD7sno7q12prdbnasKJHhkm2c1LgrhlJ0teaea8860oxi51mGA==}
    dependencies:
      lodash: 4.17.21
    dev: false

  /balanced-match/1.0.2:
    resolution: {integrity: sha512-3oSeUO0TMV67hN1AmbXsK4yaqU7tjiHlbxRDZOpH0KW9+CeX4bRAaX0Anxt0tx2MrpRpWwQaPwIlISEJhYU5Pw==}
    dev: false

  /brace-expansion/1.1.11:
    resolution: {integrity: sha512-iCuPHDFgrHX7H2vEI/5xpz07zSHB00TpugqhmYtVmMO6518mCuRMoOYFldEBl0g187ufozdaHgWKcYFb61qGiA==}
    dependencies:
      balanced-match: 1.0.2
      concat-map: 0.0.1
    dev: false

  /commander/2.20.3:
    resolution: {integrity: sha512-GpVkmM8vF2vQUkj2LvZmD35JxeJOLCwJ9cUkugyk2nuhbv3+mJvpLYYt+0+USMxE+oj+ey/lJEnhZw75x/OMcQ==}
    dev: false

  /commondir/1.0.1:
    resolution: {integrity: sha512-W9pAhw0ja1Edb5GVdIF1mjZw/ASI0AlShXM83UUGe2DVr5TdAPEA1OA8m/g8zWp9x6On7gqufY+FatDbC3MDQg==}
    dev: false

  /concat-map/0.0.1:
    resolution: {integrity: sha512-/Srv4dswyQNBfohGpz9o6Yb3Gz3SrUDqBH5rTuhGR7ahtlbYKnVxw2bCFMRljaA7EXHaXZ8wsHdodFvbkhKmqg==}
    dev: false

  /create-require/1.1.1:
    resolution: {integrity: sha512-dcKFX3jn0MpIaXjisoRvexIJVEKzaq7z2rZKxf+MSr9TkdmHmsU4m2lcLojrj/FHl8mk5VxMmYA+ftRkP/3oKQ==}
    dev: false

  /diff/4.0.2:
    resolution: {integrity: sha512-58lmxKSA4BNyLz+HHMUzlOEpg09FV+ev6ZMe3vJihgdxzgcwZ8VoEEPmALCZG9LmqfVoNMMKpttIYTVG6uDY7A==}
    engines: {node: '>=0.3.1'}
    dev: false

  /doublearray/0.0.2:
    resolution: {integrity: sha512-aw55FtZzT6AmiamEj2kvmR6BuFqvYgKZUkfQ7teqVRNqD5UE0rw8IeW/3gieHNKQ5sPuDKlljWEn4bzv5+1bHw==}
    dev: false

  /earcut/2.2.4:
    resolution: {integrity: sha512-/pjZsA1b4RPHbeWZQn66SWS8nZZWLQQ23oE3Eam7aroEFGEvwKAsJfZ9ytiEMycfzXWpca4FA9QIOehf7PocBQ==}
    dev: false

  /email-addresses/3.1.0:
    resolution: {integrity: sha512-k0/r7GrWVL32kZlGwfPNgB2Y/mMXVTq/decgLczm/j34whdaspNrZO8CnXPf1laaHxI6ptUlsnAxN+UAPw+fzg==}
    dev: false

  /esbuild-android-64/0.15.15:
    resolution: {integrity: sha512-F+WjjQxO+JQOva3tJWNdVjouFMLK6R6i5gjDvgUthLYJnIZJsp1HlF523k73hELY20WPyEO8xcz7aaYBVkeg5Q==}
    engines: {node: '>=12'}
    cpu: [x64]
    os: [android]
    requiresBuild: true
    dev: true
    optional: true

  /esbuild-android-arm64/0.15.15:
    resolution: {integrity: sha512-attlyhD6Y22jNyQ0fIIQ7mnPvDWKw7k6FKnsXlBvQE6s3z6s6cuEHcSgoirquQc7TmZgVCK5fD/2uxmRN+ZpcQ==}
    engines: {node: '>=12'}
    cpu: [arm64]
    os: [android]
    requiresBuild: true
    dev: true
    optional: true

  /esbuild-darwin-64/0.15.15:
    resolution: {integrity: sha512-ohZtF8W1SHJ4JWldsPVdk8st0r9ExbAOSrBOh5L+Mq47i696GVwv1ab/KlmbUoikSTNoXEhDzVpxUR/WIO19FQ==}
    engines: {node: '>=12'}
    cpu: [x64]
    os: [darwin]
    requiresBuild: true
    dev: true
    optional: true

  /esbuild-darwin-arm64/0.15.15:
    resolution: {integrity: sha512-P8jOZ5zshCNIuGn+9KehKs/cq5uIniC+BeCykvdVhx/rBXSxmtj3CUIKZz4sDCuESMbitK54drf/2QX9QHG5Ag==}
    engines: {node: '>=12'}
    cpu: [arm64]
    os: [darwin]
    requiresBuild: true
    dev: true
    optional: true

  /esbuild-freebsd-64/0.15.15:
    resolution: {integrity: sha512-KkTg+AmDXz1IvA9S1gt8dE24C8Thx0X5oM0KGF322DuP+P3evwTL9YyusHAWNsh4qLsR80nvBr/EIYs29VSwuA==}
    engines: {node: '>=12'}
    cpu: [x64]
    os: [freebsd]
    requiresBuild: true
    dev: true
    optional: true

  /esbuild-freebsd-arm64/0.15.15:
    resolution: {integrity: sha512-FUcML0DRsuyqCMfAC+HoeAqvWxMeq0qXvclZZ/lt2kLU6XBnDA5uKTLUd379WYEyVD4KKFctqWd9tTuk8C/96g==}
    engines: {node: '>=12'}
    cpu: [arm64]
    os: [freebsd]
    requiresBuild: true
    dev: true
    optional: true

  /esbuild-linux-32/0.15.15:
    resolution: {integrity: sha512-q28Qn5pZgHNqug02aTkzw5sW9OklSo96b5nm17Mq0pDXrdTBcQ+M6Q9A1B+dalFeynunwh/pvfrNucjzwDXj+Q==}
    engines: {node: '>=12'}
    cpu: [ia32]
    os: [linux]
    requiresBuild: true
    dev: true
    optional: true

  /esbuild-linux-64/0.15.15:
    resolution: {integrity: sha512-217KPmWMirkf8liO+fj2qrPwbIbhNTGNVtvqI1TnOWJgcMjUWvd677Gq3fTzXEjilkx2yWypVnTswM2KbXgoAg==}
    engines: {node: '>=12'}
    cpu: [x64]
    os: [linux]
    requiresBuild: true
    dev: true
    optional: true

  /esbuild-linux-arm/0.15.15:
    resolution: {integrity: sha512-RYVW9o2yN8yM7SB1yaWr378CwrjvGCyGybX3SdzPHpikUHkME2AP55Ma20uNwkNyY2eSYFX9D55kDrfQmQBR4w==}
    engines: {node: '>=12'}
    cpu: [arm]
    os: [linux]
    requiresBuild: true
    dev: true
    optional: true

  /esbuild-linux-arm64/0.15.15:
    resolution: {integrity: sha512-/ltmNFs0FivZkYsTzAsXIfLQX38lFnwJTWCJts0IbCqWZQe+jjj0vYBNbI0kmXLb3y5NljiM5USVAO1NVkdh2g==}
    engines: {node: '>=12'}
    cpu: [arm64]
    os: [linux]
    requiresBuild: true
    dev: true
    optional: true

  /esbuild-linux-mips64le/0.15.15:
    resolution: {integrity: sha512-PksEPb321/28GFFxtvL33yVPfnMZihxkEv5zME2zapXGp7fA1X2jYeiTUK+9tJ/EGgcNWuwvtawPxJG7Mmn86A==}
    engines: {node: '>=12'}
    cpu: [mips64el]
    os: [linux]
    requiresBuild: true
    dev: true
    optional: true

  /esbuild-linux-ppc64le/0.15.15:
    resolution: {integrity: sha512-ek8gJBEIhcpGI327eAZigBOHl58QqrJrYYIZBWQCnH3UnXoeWMrMZLeeZL8BI2XMBhP+sQ6ERctD5X+ajL/AIA==}
    engines: {node: '>=12'}
    cpu: [ppc64]
    os: [linux]
    requiresBuild: true
    dev: true
    optional: true

  /esbuild-linux-riscv64/0.15.15:
    resolution: {integrity: sha512-H5ilTZb33/GnUBrZMNJtBk7/OXzDHDXjIzoLXHSutwwsLxSNaLxzAaMoDGDd/keZoS+GDBqNVxdCkpuiRW4OSw==}
    engines: {node: '>=12'}
    cpu: [riscv64]
    os: [linux]
    requiresBuild: true
    dev: true
    optional: true

  /esbuild-linux-s390x/0.15.15:
    resolution: {integrity: sha512-jKaLUg78mua3rrtrkpv4Or2dNTJU7bgHN4bEjT4OX4GR7nLBSA9dfJezQouTxMmIW7opwEC5/iR9mpC18utnxQ==}
    engines: {node: '>=12'}
    cpu: [s390x]
    os: [linux]
    requiresBuild: true
    dev: true
    optional: true

  /esbuild-netbsd-64/0.15.15:
    resolution: {integrity: sha512-aOvmF/UkjFuW6F36HbIlImJTTx45KUCHJndtKo+KdP8Dhq3mgLRKW9+6Ircpm8bX/RcS3zZMMmaBLkvGY06Gvw==}
    engines: {node: '>=12'}
    cpu: [x64]
    os: [netbsd]
    requiresBuild: true
    dev: true
    optional: true

  /esbuild-openbsd-64/0.15.15:
    resolution: {integrity: sha512-HFFX+WYedx1w2yJ1VyR1Dfo8zyYGQZf1cA69bLdrHzu9svj6KH6ZLK0k3A1/LFPhcEY9idSOhsB2UyU0tHPxgQ==}
    engines: {node: '>=12'}
    cpu: [x64]
    os: [openbsd]
    requiresBuild: true
    dev: true
    optional: true

  /esbuild-sunos-64/0.15.15:
    resolution: {integrity: sha512-jOPBudffG4HN8yJXcK9rib/ZTFoTA5pvIKbRrt3IKAGMq1EpBi4xoVoSRrq/0d4OgZLaQbmkHp8RO9eZIn5atA==}
    engines: {node: '>=12'}
    cpu: [x64]
    os: [sunos]
    requiresBuild: true
    dev: true
    optional: true

  /esbuild-windows-32/0.15.15:
    resolution: {integrity: sha512-MDkJ3QkjnCetKF0fKxCyYNBnOq6dmidcwstBVeMtXSgGYTy8XSwBeIE4+HuKiSsG6I/mXEb++px3IGSmTN0XiA==}
    engines: {node: '>=12'}
    cpu: [ia32]
    os: [win32]
    requiresBuild: true
    dev: true
    optional: true

  /esbuild-windows-64/0.15.15:
    resolution: {integrity: sha512-xaAUIB2qllE888SsMU3j9nrqyLbkqqkpQyWVkfwSil6BBPgcPk3zOFitTTncEKCLTQy3XV9RuH7PDj3aJDljWA==}
    engines: {node: '>=12'}
    cpu: [x64]
    os: [win32]
    requiresBuild: true
    dev: true
    optional: true

  /esbuild-windows-arm64/0.15.15:
    resolution: {integrity: sha512-ttuoCYCIJAFx4UUKKWYnFdrVpoXa3+3WWkXVI6s09U+YjhnyM5h96ewTq/WgQj9LFSIlABQvadHSOQyAVjW5xQ==}
    engines: {node: '>=12'}
    cpu: [arm64]
    os: [win32]
    requiresBuild: true
    dev: true
    optional: true

  /esbuild/0.15.15:
    resolution: {integrity: sha512-TEw/lwK4Zzld9x3FedV6jy8onOUHqcEX3ADFk4k+gzPUwrxn8nWV62tH0udo8jOtjFodlEfc4ypsqX3e+WWO6w==}
    engines: {node: '>=12'}
    hasBin: true
    requiresBuild: true
    optionalDependencies:
      '@esbuild/android-arm': 0.15.15
      '@esbuild/linux-loong64': 0.15.15
      esbuild-android-64: 0.15.15
      esbuild-android-arm64: 0.15.15
      esbuild-darwin-64: 0.15.15
      esbuild-darwin-arm64: 0.15.15
      esbuild-freebsd-64: 0.15.15
      esbuild-freebsd-arm64: 0.15.15
      esbuild-linux-32: 0.15.15
      esbuild-linux-64: 0.15.15
      esbuild-linux-arm: 0.15.15
      esbuild-linux-arm64: 0.15.15
      esbuild-linux-mips64le: 0.15.15
      esbuild-linux-ppc64le: 0.15.15
      esbuild-linux-riscv64: 0.15.15
      esbuild-linux-s390x: 0.15.15
      esbuild-netbsd-64: 0.15.15
      esbuild-openbsd-64: 0.15.15
      esbuild-sunos-64: 0.15.15
      esbuild-windows-32: 0.15.15
      esbuild-windows-64: 0.15.15
      esbuild-windows-arm64: 0.15.15
    dev: true

  /escape-string-regexp/1.0.5:
    resolution: {integrity: sha512-vbRorB5FUQWvla16U8R/qgaFIya2qGzwDrNmCZuYKrbdSUMG6I1ZCGQRefkRVhuOkIGVne7BQ35DSfo1qvJqFg==}
    engines: {node: '>=0.8.0'}
    dev: false

  /eventemitter3/3.1.2:
    resolution: {integrity: sha512-tvtQIeLVHjDkJYnzf2dgVMxfuSGJeM/7UCG17TT4EumTfNtF+0nebF/4zWOIkCreAbtNqhGEboB6BWrwqNaw4Q==}
    dev: false

  /filename-reserved-regex/2.0.0:
    resolution: {integrity: sha512-lc1bnsSr4L4Bdif8Xb/qrtokGbq5zlsms/CYH8PP+WtCkGNF65DPiQY8vG3SakEdRn8Dlnm+gW/qWKKjS5sZzQ==}
    engines: {node: '>=4'}
    dev: false

  /filenamify/4.3.0:
    resolution: {integrity: sha512-hcFKyUG57yWGAzu1CMt/dPzYZuv+jAJUT85bL8mrXvNe6hWj6yEHEc4EdcgiA6Z3oi1/9wXJdZPXF2dZNgwgOg==}
    engines: {node: '>=8'}
    dependencies:
      filename-reserved-regex: 2.0.0
      strip-outer: 1.0.1
      trim-repeated: 1.0.0
    dev: false

  /find-cache-dir/3.3.2:
    resolution: {integrity: sha512-wXZV5emFEjrridIgED11OoUKLxiYjAcqot/NJdAkOhlJ+vGzwhOAfcG5OX1jP+S0PcjEn8bdMJv+g2jwQ3Onig==}
    engines: {node: '>=8'}
    dependencies:
      commondir: 1.0.1
      make-dir: 3.1.0
      pkg-dir: 4.2.0
    dev: false

  /find-up/4.1.0:
    resolution: {integrity: sha512-PpOwAdQ/YlXQ2vj8a3h8IipDuYRi3wceVQQGYWxNINccq40Anw7BlsEXCMbt1Zt+OLA6Fq9suIpIWD0OsnISlw==}
    engines: {node: '>=8'}
    dependencies:
      locate-path: 5.0.0
      path-exists: 4.0.0
    dev: false

  /fs-extra/8.1.0:
    resolution: {integrity: sha512-yhlQgA6mnOJUKOsRUFsgJdQCvkKhcz8tlZG5HBQfReYZy46OwLcY+Zia0mtdHsOo9y/hP+CxMN0TU9QxoOtG4g==}
    engines: {node: '>=6 <7 || >=8'}
    dependencies:
      graceful-fs: 4.2.10
      jsonfile: 4.0.0
      universalify: 0.1.2
    dev: false

  /fs.realpath/1.0.0:
    resolution: {integrity: sha512-OO0pH2lK6a0hZnAdau5ItzHPI6pUlvI7jMVnxUQRtw4owF2wk8lOSabtGDCTP4Ggrg2MbGnWO9X8K1t4+fGMDw==}
    dev: false

  /fsevents/2.3.2:
    resolution: {integrity: sha512-xiqMQR4xAeHTuB9uWm+fFRcIOgKBMiOBP+eXiyT7jsgVCq1bkVygt00oASowB7EdtpOHaaPgKt812P9ab+DDKA==}
    engines: {node: ^8.16.0 || ^10.6.0 || >=11.0.0}
    os: [darwin]
    requiresBuild: true
    dev: true
    optional: true

  /function-bind/1.1.1:
    resolution: {integrity: sha512-yIovAzMX49sF8Yl58fSCWJ5svSLuaibPxXQJFLmBObTuCr0Mf1KiPopGM9NiFjiYBCbfaa2Fh6breQ6ANVTI0A==}
    dev: true

  /gh-pages/4.0.0:
    resolution: {integrity: sha512-p8S0T3aGJc68MtwOcZusul5qPSNZCalap3NWbhRUZYu1YOdp+EjZ+4kPmRM8h3NNRdqw00yuevRjlkuSzCn7iQ==}
    engines: {node: '>=10'}
    hasBin: true
    dependencies:
      async: 2.6.4
      commander: 2.20.3
      email-addresses: 3.1.0
      filenamify: 4.3.0
      find-cache-dir: 3.3.2
      fs-extra: 8.1.0
      globby: 6.1.0
    dev: false

  /glob/7.2.3:
    resolution: {integrity: sha512-nFR0zLpU2YCaRxwoCJvL6UvCH2JFyFVIvwTLsIf21AuHlMskA1hhTdk+LlYJtOlYt9v6dvszD2BGRqBL+iQK9Q==}
    dependencies:
      fs.realpath: 1.0.0
      inflight: 1.0.6
      inherits: 2.0.4
      minimatch: 3.1.2
      once: 1.4.0
      path-is-absolute: 1.0.1
    dev: false

  /globby/6.1.0:
    resolution: {integrity: sha512-KVbFv2TQtbzCoxAnfD6JcHZTYCzyliEaaeM/gH8qQdkKr5s0OP9scEgvdcngyk7AVdY6YVW/TJHd+lQ/Df3Daw==}
    engines: {node: '>=0.10.0'}
    dependencies:
      array-union: 1.0.2
      glob: 7.2.3
      object-assign: 4.1.1
      pify: 2.3.0
      pinkie-promise: 2.0.1
    dev: false

  /graceful-fs/4.2.10:
    resolution: {integrity: sha512-9ByhssR2fPVsNZj478qUUbKfmL0+t5BDVyjShtyZZLiK7ZDAArFFfopyOTj0M05wE2tJPisA4iTnnXl2YoPvOA==}
    dev: false

  /has/1.0.3:
    resolution: {integrity: sha512-f2dvO0VU6Oej7RkWJGrehjbzMAjFp5/VKPp5tTpWIV4JHHZK1/BxbFRtf/siA2SWTe09caDmVtYYzWEIbBS4zw==}
    engines: {node: '>= 0.4.0'}
    dependencies:
      function-bind: 1.1.1
    dev: true

  /inflight/1.0.6:
    resolution: {integrity: sha512-k92I/b08q4wvFscXCLvqfsHCrjrF7yiXsQuIVvVE7N82W3+aqpzuUdBbfhWcy/FZR3/4IgflMgKLOsvPDrGCJA==}
    dependencies:
      once: 1.4.0
      wrappy: 1.0.2
    dev: false

  /inherits/2.0.4:
    resolution: {integrity: sha512-k/vGaX4/Yla3WzyMCvTQOXYeIHvqOKtnqBduzTHpzpQZzAskKMhZ2K+EnBiSM9zGSoIFeMpXKxa4dYeZIQqewQ==}
    dev: false

  /is-core-module/2.11.0:
    resolution: {integrity: sha512-RRjxlvLDkD1YJwDbroBHMb+cukurkDWNyHx7D3oNB5x9rb5ogcksMC5wHCadcXoo67gVr/+3GFySh3134zi6rw==}
    dependencies:
      has: 1.0.3
    dev: true

  /jsonfile/4.0.0:
    resolution: {integrity: sha512-m6F1R3z8jjlf2imQHS2Qez5sjKWQzbuuhuJ/FKYFRZvPE3PuHcSMVZzfsLhGVOkfd20obL5SWEBew5ShlquNxg==}
    optionalDependencies:
      graceful-fs: 4.2.10
    dev: false

  /kuromoji/0.1.2:
    resolution: {integrity: sha512-V0dUf+C2LpcPEXhoHLMAop/bOht16Dyr+mDiIE39yX3vqau7p80De/koFqpiTcL1zzdZlc3xuHZ8u5gjYRfFaQ==}
    dependencies:
      async: 2.6.4
      doublearray: 0.0.2
      zlibjs: 0.3.1
    dev: false

  /locate-path/5.0.0:
    resolution: {integrity: sha512-t7hw9pI+WvuwNJXwk5zVHpyhIqzg2qTlklJOf0mVxGSbe3Fp2VieZcduNYjaLDoy6p9uGpQEGWG87WpMKlNq8g==}
    engines: {node: '>=8'}
    dependencies:
      p-locate: 4.1.0
    dev: false

  /lodash/4.17.21:
    resolution: {integrity: sha512-v2kDEe57lecTulaDIuNTPy3Ry4gLGJ6Z1O3vE1krgXZNrsQ+LFTGHVxVjcXPs17LhbZVGedAJv8XZ1tvj5FvSg==}
    dev: false

  /make-dir/3.1.0:
    resolution: {integrity: sha512-g3FeP20LNwhALb/6Cz6Dd4F2ngze0jz7tbzrD2wAV+o9FeNHe4rL+yK2md0J/fiSf1sa1ADhXqi5+oVwOM/eGw==}
    engines: {node: '>=8'}
    dependencies:
      semver: 6.3.0
    dev: false

  /make-error/1.3.6:
    resolution: {integrity: sha512-s8UhlNe7vPKomQhC1qFelMokr/Sc3AgNbso3n74mVPA5LTZwkB9NlXf4XPamLxJE8h0gh73rM94xvwRT2CVInw==}
    dev: false

  /minimatch/3.1.2:
    resolution: {integrity: sha512-J7p63hRiAjw1NDEww1W7i37+ByIrOWO5XQQAzZ3VOcL0PNybwpfmV/N05zFAzwQ9USyEcX6t3UO+K5aqBQOIHw==}
    dependencies:
      brace-expansion: 1.1.11
    dev: false

  /nanoid/3.3.4:
    resolution: {integrity: sha512-MqBkQh/OHTS2egovRtLk45wEyNXwF+cokD+1YPf9u5VfJiRdAiRwB2froX5Co9Rh20xs4siNPm8naNotSD6RBw==}
    engines: {node: ^10 || ^12 || ^13.7 || ^14 || >=15.0.1}
    hasBin: true
    dev: true

  /object-assign/4.1.1:
    resolution: {integrity: sha512-rJgTQnkUnH1sFw8yT6VSU3zD3sWmu6sZhIseY8VX+GRu3P6F7Fu+JNDoXfklElbLJSnc3FUQHVe4cU5hj+BcUg==}
    engines: {node: '>=0.10.0'}
    dev: false

  /once/1.4.0:
    resolution: {integrity: sha512-lNaJgI+2Q5URQBkccEKHTQOPaXdUxnZZElQTZY0MFUAuaEqe1E+Nyvgdz/aIyNi6Z9MzO5dv1H8n58/GELp3+w==}
    dependencies:
      wrappy: 1.0.2
    dev: false

  /p-limit/2.3.0:
    resolution: {integrity: sha512-//88mFWSJx8lxCzwdAABTJL2MyWB12+eIY7MDL2SqLmAkeKU9qxRvWuSyTjm3FUmpBEMuFfckAIqEaVGUDxb6w==}
    engines: {node: '>=6'}
    dependencies:
      p-try: 2.2.0
    dev: false

  /p-locate/4.1.0:
    resolution: {integrity: sha512-R79ZZ/0wAxKGu3oYMlz8jy/kbhsNrS7SKZ7PxEHBgJ5+F2mtFW2fK2cOtBh1cHYkQsbzFV7I+EoRKe6Yt0oK7A==}
    engines: {node: '>=8'}
    dependencies:
      p-limit: 2.3.0
    dev: false

  /p-try/2.2.0:
    resolution: {integrity: sha512-R4nPAVTAU0B9D35/Gk3uJf/7XYbQcyohSKdvAxIRSNghFl4e71hVoGnBNQz9cWaXxO2I10KTC+3jMdvvoKw6dQ==}
    engines: {node: '>=6'}
    dev: false

  /path-exists/4.0.0:
    resolution: {integrity: sha512-ak9Qy5Q7jYb2Wwcey5Fpvg2KoAc/ZIhLSLOSBmRmygPsGwkVVt0fZa0qrtMz+m6tJTAHfZQ8FnmB4MG4LWy7/w==}
    engines: {node: '>=8'}
    dev: false

  /path-is-absolute/1.0.1:
    resolution: {integrity: sha512-AVbw3UJ2e9bq64vSaS9Am0fje1Pa8pbGqTTsmXfaIiMpnr5DlDhfJOuLj9Sf95ZPVDAUerDfEk88MPmPe7UCQg==}
    engines: {node: '>=0.10.0'}
    dev: false

  /path-parse/1.0.7:
    resolution: {integrity: sha512-LDJzPVEEEPR+y48z93A0Ed0yXb8pAByGWo/k5YYdYgpY2/2EsOsksJrq7lOHxryrVOn1ejG6oAp8ahvOIQD8sw==}
    dev: true

  /picocolors/1.0.0:
    resolution: {integrity: sha512-1fygroTLlHu66zi26VoTDv8yRgm0Fccecssto+MhsZ0D/DGW2sm8E8AjW7NU5VVTRt5GxbeZ5qBuJr+HyLYkjQ==}
    dev: true

  /pify/2.3.0:
    resolution: {integrity: sha512-udgsAY+fTnvv7kI7aaxbqwWNb0AHiB0qBO89PZKPkoTmGOgdbrHDKD+0B2X4uTfJ/FT1R09r9gTsjUjNJotuog==}
    engines: {node: '>=0.10.0'}
    dev: false

  /pinkie-promise/2.0.1:
    resolution: {integrity: sha512-0Gni6D4UcLTbv9c57DfxDGdr41XfgUjqWZu492f0cIGr16zDU06BWP/RAEvOuo7CQ0CNjHaLlM59YJJFm3NWlw==}
    engines: {node: '>=0.10.0'}
    dependencies:
      pinkie: 2.0.4
    dev: false

  /pinkie/2.0.4:
    resolution: {integrity: sha512-MnUuEycAemtSaeFSjXKW/aroV7akBbY+Sv+RkyqFjgAe73F+MR0TBWKBRDkmfWq/HiFmdavfZ1G7h4SPZXaCSg==}
    engines: {node: '>=0.10.0'}
    dev: false

  /pixi-live2d-display/0.4.0_csz3opcekjgnmoshyhzrjmi74i:
    resolution: {integrity: sha512-xeYC6y4Y0Bxe9ksWNlGFZC1rII/MPrzPQK7t1c3ubA8RhkOISIqHJl38fNumXqhGEs+yItmgDOkFT+9dsyGDjA==}
    peerDependencies:
      '@pixi/core': ^6
      '@pixi/display': ^6
      '@pixi/loaders': ^6
      '@pixi/math': ^6
      '@pixi/sprite': ^6
      '@pixi/utils': ^6
    dependencies:
      '@pixi/core': 6.5.8_plvhmba5imzl5ocyxvgulib4y4
      '@pixi/display': 6.5.8_iuuj35lwfm7xh3uibmbysjulzi
      '@pixi/loaders': 6.5.8_6ckrlwn7winopwhi64blk5ppm4
      '@pixi/math': 6.5.8
      '@pixi/sprite': 6.5.8_poghtwf5oajarq6x6mmmgv75aq
      '@pixi/utils': 6.5.8_qeualvkmgwo4nudflomrx2dohe
      gh-pages: 4.0.0
    dev: false

  /pkg-dir/4.2.0:
    resolution: {integrity: sha512-HRDzbaKjC+AOWVXxAU/x54COGeIv9eb+6CkDSQoNTt4XyWoIJvuPsXizxu/Fr23EiekbtZwmh1IcIG/l/a10GQ==}
    engines: {node: '>=8'}
    dependencies:
      find-up: 4.1.0
    dev: false

  /postcss/8.4.19:
    resolution: {integrity: sha512-h+pbPsyhlYj6N2ozBmHhHrs9DzGmbaarbLvWipMRO7RLS+v4onj26MPFXA5OBYFxyqYhUJK456SwDcY9H2/zsA==}
    engines: {node: ^10 || ^12 || >=14}
    dependencies:
      nanoid: 3.3.4
      picocolors: 1.0.0
      source-map-js: 1.0.2
    dev: true

  /punycode/1.3.2:
    resolution: {integrity: sha512-RofWgt/7fL5wP1Y7fxE7/EmTLzQVnB0ycyibJ0OOHIlJqTNzglYFxVwETOcIoJqJmpDXJ9xImDv+Fq34F/d4Dw==}
    dev: false

  /querystring/0.2.0:
    resolution: {integrity: sha512-X/xY82scca2tau62i9mDyU9K+I+djTMUsvwf7xnUX5GLvVzgJybOJf4Y6o9Zx3oJK/LSXg5tTZBjwzqVPaPO2g==}
    engines: {node: '>=0.4.x'}
    deprecated: The querystring API is considered Legacy. new code should use the URLSearchParams API instead.
    dev: false

  /resolve/1.22.1:
    resolution: {integrity: sha512-nBpuuYuY5jFsli/JIs1oldw6fOQCBioohqWZg/2hiaOybXOft4lonv85uDOKXdf8rhyK159cxU5cDcK/NKk8zw==}
    hasBin: true
    dependencies:
      is-core-module: 2.11.0
      path-parse: 1.0.7
      supports-preserve-symlinks-flag: 1.0.0
    dev: true

  /rollup/2.79.1:
    resolution: {integrity: sha512-uKxbd0IhMZOhjAiD5oAFp7BqvkA4Dv47qpOCtaNvng4HBwdbWtdOh8f5nZNuk2rp51PMGk3bzfWu5oayNEuYnw==}
    engines: {node: '>=10.0.0'}
    hasBin: true
    optionalDependencies:
      fsevents: 2.3.2
    dev: true

  /semver/6.3.0:
    resolution: {integrity: sha512-b39TBaTSfV6yBrapU89p5fKekE2m/NwnDocOVruQFS1/veMgdzuPcnOM34M6CwxW8jH/lxEa5rBoDeUwu5HHTw==}
    hasBin: true
    dev: false

  /source-map-js/1.0.2:
    resolution: {integrity: sha512-R0XvVJ9WusLiqTCEiGCmICCMplcCkIwwR11mOSD9CR5u+IXYdiseeEuXCVAjS54zqwkLcPNnmU4OeJ6tUrWhDw==}
    engines: {node: '>=0.10.0'}
    dev: true

  /strip-outer/1.0.1:
    resolution: {integrity: sha512-k55yxKHwaXnpYGsOzg4Vl8+tDrWylxDEpknGjhTiZB8dFRU5rTo9CAzeycivxV3s+zlTKwrs6WxMxR95n26kwg==}
    engines: {node: '>=0.10.0'}
    dependencies:
      escape-string-regexp: 1.0.5
    dev: false

  /supports-preserve-symlinks-flag/1.0.0:
    resolution: {integrity: sha512-ot0WnXS9fgdkgIcePe6RHNk1WA8+muPa6cSjeR3V8K27q9BB1rTE3R1p7Hv0z1ZyAc8s6Vvv8DIyWf681MAt0w==}
    engines: {node: '>= 0.4'}
    dev: true

  /trim-repeated/1.0.0:
    resolution: {integrity: sha512-pkonvlKk8/ZuR0D5tLW8ljt5I8kmxp2XKymhepUeOdCEfKpZaktSArkLHZt76OB1ZvO9bssUsDty4SWhLvZpLg==}
    engines: {node: '>=0.10.0'}
    dependencies:
      escape-string-regexp: 1.0.5
    dev: false

  /ts-node/10.9.1_wup25etrarvlqkprac7h35hj7u:
    resolution: {integrity: sha512-NtVysVPkxxrwFGUUxGYhfux8k78pQB3JqYBXlLRZgdGUqTO5wU/UyHop5p70iEbGhB7q5KmiZiU0Y3KlJrScEw==}
    hasBin: true
    peerDependencies:
      '@swc/core': '>=1.2.50'
      '@swc/wasm': '>=1.2.50'
      '@types/node': '*'
      typescript: '>=2.7'
    peerDependenciesMeta:
      '@swc/core':
        optional: true
      '@swc/wasm':
        optional: true
    dependencies:
      '@cspotcode/source-map-support': 0.8.1
      '@tsconfig/node10': 1.0.9
      '@tsconfig/node12': 1.0.11
      '@tsconfig/node14': 1.0.3
      '@tsconfig/node16': 1.0.3
      '@types/node': 18.11.9
      acorn: 8.8.1
      acorn-walk: 8.2.0
      arg: 4.1.3
      create-require: 1.1.1
      diff: 4.0.2
      make-error: 1.3.6
      typescript: 4.9.3
      v8-compile-cache-lib: 3.0.1
      yn: 3.1.1
    dev: false

  /typescript/4.9.3:
    resolution: {integrity: sha512-CIfGzTelbKNEnLpLdGFgdyKhG23CKdKgQPOBc+OUNrkJ2vr+KSzsSV5kq5iWhEQbok+quxgGzrAtGWCyU7tHnA==}
    engines: {node: '>=4.2.0'}
    hasBin: true

  /universalify/0.1.2:
    resolution: {integrity: sha512-rBJeI5CXAlmy1pV+617WB9J63U6XcazHHF2f2dbJix4XzpUF0RS3Zbj0FGIOCAva5P/d/GBOYaACQ1w+0azUkg==}
    engines: {node: '>= 4.0.0'}
    dev: false

  /url/0.11.0:
    resolution: {integrity: sha512-kbailJa29QrtXnxgq+DdCEGlbTeYM2eJUxsz6vjZavrCYPMIFHMKQmSKYAIuUK2i7hgPm28a8piX5NTUtM/LKQ==}
    dependencies:
      punycode: 1.3.2
      querystring: 0.2.0
    dev: false

  /v8-compile-cache-lib/3.0.1:
    resolution: {integrity: sha512-wa7YjyUGfNZngI/vtK0UHAN+lgDCxBPCylVXGp0zu59Fz5aiGtNXaq3DhIov063MorB+VfufLh3JlF2KdTK3xg==}
    dev: false

  /vite/3.2.4_@types+node@18.11.9:
    resolution: {integrity: sha512-Z2X6SRAffOUYTa+sLy3NQ7nlHFU100xwanq1WDwqaiFiCe+25zdxP1TfCS5ojPV2oDDcXudHIoPnI1Z/66B7Yw==}
    engines: {node: ^14.18.0 || >=16.0.0}
    hasBin: true
    peerDependencies:
      '@types/node': '>= 14'
      less: '*'
      sass: '*'
      stylus: '*'
      sugarss: '*'
      terser: ^5.4.0
    peerDependenciesMeta:
      '@types/node':
        optional: true
      less:
        optional: true
      sass:
        optional: true
      stylus:
        optional: true
      sugarss:
        optional: true
      terser:
        optional: true
    dependencies:
      '@types/node': 18.11.9
      esbuild: 0.15.15
      postcss: 8.4.19
      resolve: 1.22.1
      rollup: 2.79.1
    optionalDependencies:
      fsevents: 2.3.2
    dev: true

  /wrappy/1.0.2:
    resolution: {integrity: sha512-l4Sp/DRseor9wL6EvV2+TuQn63dMkPjZ/sp9XkghTEbV9KlPS1xUsZ3u7/IQO4wxtcFB4bgpQPRcR3QCvezPcQ==}
    dev: false

  /yn/3.1.1:
    resolution: {integrity: sha512-Ux4ygGWsu2c7isFWe8Yu1YluJmqVhxqK2cLXNQA5AcC3QfbGNpM7fu0Y8b/z16pXLnFxZYvWhd3fhBY9DLmC6Q==}
    engines: {node: '>=6'}
    dev: false

  /zlibjs/0.3.1:
    resolution: {integrity: sha512-+J9RrgTKOmlxFSDHo0pI1xM6BLVUv+o0ZT9ANtCxGkjIVCCUdx9alUF8Gm+dGLKbkkkidWIHFDZHDMpfITt4+w==}
    dev: false
